
Microsoft Visual Studio Solution File, Format Version 12.00
# Visual Studio Version 17
VisualStudioVersion = 17.6.33829.357
MinimumVisualStudioVersion = 10.0.40219.1
Project("{FAE04EC0-301F-11D3-BF4B-00C04F79EFBC}") = "Restaurant Otomasyon", "Restaurant Otomasyon\Restaurant Otomasyon.csproj", "{0BC13715-5FF0-4E2E-A2FA-2741831CFC7C}"
EndProject
Global
	GlobalSection(SolutionConfigurationPlatforms) = preSolution
		Debug|Any CPU = Debug|Any CPU
		Release|Any CPU = Release|Any CPU
	EndGlobalSection
	GlobalSection(ProjectConfigurationPlatforms) = postSolution
		{0BC13715-5FF0-4E2E-A2FA-2741831CFC7C}.Debug|Any CPU.ActiveCfg = Debug|Any CPU
		{0BC13715-5FF0-4E2E-A2FA-2741831CFC7C}.Debug|Any CPU.Build.0 = Debug|Any CPU
		{0BC13715-5FF0-4E2E-A2FA-2741831CFC7C}.Release|Any CPU.ActiveCfg = Release|Any CPU
		{0BC13715-5FF0-4E2E-A2FA-2741831CFC7C}.Release|Any CPU.Build.0 = Release|Any CPU
	EndGlobalSection
	GlobalSection(SolutionProperties) = preSolution
		HideSolutionNode = FALSE
	EndGlobalSection
	GlobalSection(ExtensibilityGlobals) = postSolution
		SolutionGuid = {E880FF3C-F75D-46A1-9884-F820001504D4}
	EndGlobalSection
EndGlobal
